// !$*UTF8*$!
{
	archiveVersion = 1;
	classes = {
	};
	objectVersion = 46;
	objects = {

/* Begin PBXBuildFile section */
		B9604AF4195AD88C001BE45C /* NABitArray.c in Sources */ = {isa = PBXBuildFile; fileRef = B9604AD7195AD88C001BE45C /* NABitArray.c */; };
		B9604AF5195AD88C001BE45C /* NADateTime.c in Sources */ = {isa = PBXBuildFile; fileRef = B9604ADD195AD88C001BE45C /* NADateTime.c */; };
		B9604AF6195AD88C001BE45C /* NAFile.c in Sources */ = {isa = PBXBuildFile; fileRef = B9604AE0195AD88C001BE45C /* NAFile.c */; };
		B9604AF7195AD88C001BE45C /* NAGrowingSpace.c in Sources */ = {isa = PBXBuildFile; fileRef = B9604AE2195AD88C001BE45C /* NAGrowingSpace.c */; };
		B9604AF8195AD88C001BE45C /* NAHeap.c in Sources */ = {isa = PBXBuildFile; fileRef = B9604AE4195AD88C001BE45C /* NAHeap.c */; };
		B9604AF9195AD88C001BE45C /* NARectArea.c in Sources */ = {isa = PBXBuildFile; fileRef = B9604AED195AD88C001BE45C /* NARectArea.c */; };
		B9604AFA195AD88C001BE45C /* NAString.c in Sources */ = {isa = PBXBuildFile; fileRef = B9604AEF195AD88C001BE45C /* NAString.c */; };
		B9604AFB195AD88C001BE45C /* NASystem.c in Sources */ = {isa = PBXBuildFile; fileRef = B9604AF1195AD88C001BE45C /* NASystem.c */; };
		B9B2EA161716922700943D91 /* main.c in Sources */ = {isa = PBXBuildFile; fileRef = B9B2EA151716922700943D91 /* main.c */; };
/* End PBXBuildFile section */

/* Begin PBXCopyFilesBuildPhase section */
		B9B2EA101716922700943D91 /* CopyFiles */ = {
			isa = PBXCopyFilesBuildPhase;
			buildActionMask = 2147483647;
			dstPath = /usr/share/man/man1/;
			dstSubfolderSpec = 0;
			files = (
			);
			runOnlyForDeploymentPostprocessing = 1;
		};
/* End PBXCopyFilesBuildPhase section */

/* Begin PBXFileReference section */
		B9432B5D17E5BF5A0075F638 /* Readme.txt */ = {isa = PBXFileReference; fileEncoding = 4; lastKnownFileType = text; path = Readme.txt; sourceTree = "<group>"; };
		B9604AD5195AD88C001BE45C /* NAArray.h */ = {isa = PBXFileReference; fileEncoding = 4; lastKnownFileType = sourcecode.c.h; path = NAArray.h; sourceTree = "<group>"; };
		B9604AD6195AD88C001BE45C /* NABinaryData.h */ = {isa = PBXFileReference; fileEncoding = 4; lastKnownFileType = sourcecode.c.h; path = NABinaryData.h; sourceTree = "<group>"; };
		B9604AD7195AD88C001BE45C /* NABitArray.c */ = {isa = PBXFileReference; fileEncoding = 4; lastKnownFileType = sourcecode.c.c; path = NABitArray.c; sourceTree = "<group>"; };
		B9604AD8195AD88C001BE45C /* NABitArray.h */ = {isa = PBXFileReference; fileEncoding = 4; lastKnownFileType = sourcecode.c.h; path = NABitArray.h; sourceTree = "<group>"; };
		B9604AD9195AD88C001BE45C /* NAByteArray.h */ = {isa = PBXFileReference; fileEncoding = 4; lastKnownFileType = sourcecode.c.h; path = NAByteArray.h; sourceTree = "<group>"; };
		B9604ADA195AD88C001BE45C /* NAByteMap2D.h */ = {isa = PBXFileReference; fileEncoding = 4; lastKnownFileType = sourcecode.c.h; path = NAByteMap2D.h; sourceTree = "<group>"; };
		B9604ADB195AD88C001BE45C /* NAComplex.h */ = {isa = PBXFileReference; fileEncoding = 4; lastKnownFileType = sourcecode.c.h; path = NAComplex.h; sourceTree = "<group>"; };
		B9604ADC195AD88C001BE45C /* NACoord.h */ = {isa = PBXFileReference; fileEncoding = 4; lastKnownFileType = sourcecode.c.h; path = NACoord.h; sourceTree = "<group>"; };
		B9604ADD195AD88C001BE45C /* NADateTime.c */ = {isa = PBXFileReference; fileEncoding = 4; lastKnownFileType = sourcecode.c.c; path = NADateTime.c; sourceTree = "<group>"; };
		B9604ADE195AD88C001BE45C /* NADateTime.h */ = {isa = PBXFileReference; fileEncoding = 4; lastKnownFileType = sourcecode.c.h; path = NADateTime.h; sourceTree = "<group>"; };
		B9604ADF195AD88C001BE45C /* NAEndianness.h */ = {isa = PBXFileReference; fileEncoding = 4; lastKnownFileType = sourcecode.c.h; path = NAEndianness.h; sourceTree = "<group>"; };
		B9604AE0195AD88C001BE45C /* NAFile.c */ = {isa = PBXFileReference; fileEncoding = 4; lastKnownFileType = sourcecode.c.c; path = NAFile.c; sourceTree = "<group>"; };
		B9604AE1195AD88C001BE45C /* NAFile.h */ = {isa = PBXFileReference; fileEncoding = 4; lastKnownFileType = sourcecode.c.h; path = NAFile.h; sourceTree = "<group>"; };
		B9604AE2195AD88C001BE45C /* NAGrowingSpace.c */ = {isa = PBXFileReference; fileEncoding = 4; lastKnownFileType = sourcecode.c.c; path = NAGrowingSpace.c; sourceTree = "<group>"; };
		B9604AE3195AD88C001BE45C /* NAGrowingSpace.h */ = {isa = PBXFileReference; fileEncoding = 4; lastKnownFileType = sourcecode.c.h; path = NAGrowingSpace.h; sourceTree = "<group>"; };
		B9604AE4195AD88C001BE45C /* NAHeap.c */ = {isa = PBXFileReference; fileEncoding = 4; lastKnownFileType = sourcecode.c.c; path = NAHeap.c; sourceTree = "<group>"; };
		B9604AE5195AD88C001BE45C /* NAHeap.h */ = {isa = PBXFileReference; fileEncoding = 4; lastKnownFileType = sourcecode.c.h; path = NAHeap.h; sourceTree = "<group>"; };
		B9604AE6195AD88C001BE45C /* NAList.h */ = {isa = PBXFileReference; fileEncoding = 4; lastKnownFileType = sourcecode.c.h; path = NAList.h; sourceTree = "<group>"; };
		B9604AE7195AD88C001BE45C /* NAMathConstants.h */ = {isa = PBXFileReference; fileEncoding = 4; lastKnownFileType = sourcecode.c.h; path = NAMathConstants.h; sourceTree = "<group>"; };
		B9604AE8195AD88C001BE45C /* NAMathOperators.h */ = {isa = PBXFileReference; fileEncoding = 4; lastKnownFileType = sourcecode.c.h; path = NAMathOperators.h; sourceTree = "<group>"; };
		B9604AE9195AD88C001BE45C /* NAMinMax.h */ = {isa = PBXFileReference; fileEncoding = 4; lastKnownFileType = sourcecode.c.h; path = NAMinMax.h; sourceTree = "<group>"; };
		B9604AEA195AD88C001BE45C /* NAPointer.h */ = {isa = PBXFileReference; fileEncoding = 4; lastKnownFileType = sourcecode.c.h; path = NAPointer.h; sourceTree = "<group>"; };
		B9604AEB195AD88C001BE45C /* NARandom.h */ = {isa = PBXFileReference; fileEncoding = 4; lastKnownFileType = sourcecode.c.h; path = NARandom.h; sourceTree = "<group>"; };
		B9604AEC195AD88C001BE45C /* NARange.h */ = {isa = PBXFileReference; fileEncoding = 4; lastKnownFileType = sourcecode.c.h; path = NARange.h; sourceTree = "<group>"; };
		B9604AED195AD88C001BE45C /* NARectArea.c */ = {isa = PBXFileReference; fileEncoding = 4; lastKnownFileType = sourcecode.c.c; path = NARectArea.c; sourceTree = "<group>"; };
		B9604AEE195AD88C001BE45C /* NARectArea.h */ = {isa = PBXFileReference; fileEncoding = 4; lastKnownFileType = sourcecode.c.h; path = NARectArea.h; sourceTree = "<group>"; };
		B9604AEF195AD88C001BE45C /* NAString.c */ = {isa = PBXFileReference; fileEncoding = 4; lastKnownFileType = sourcecode.c.c; path = NAString.c; sourceTree = "<group>"; };
		B9604AF0195AD88C001BE45C /* NAString.h */ = {isa = PBXFileReference; fileEncoding = 4; lastKnownFileType = sourcecode.c.h; path = NAString.h; sourceTree = "<group>"; };
		B9604AF1195AD88C001BE45C /* NASystem.c */ = {isa = PBXFileReference; fileEncoding = 4; lastKnownFileType = sourcecode.c.c; path = NASystem.c; sourceTree = "<group>"; };
		B9604AF2195AD88C001BE45C /* NASystem.h */ = {isa = PBXFileReference; fileEncoding = 4; lastKnownFileType = sourcecode.c.h; path = NASystem.h; sourceTree = "<group>"; };
		B9604AF3195AD88C001BE45C /* NAVectorAlgebra.h */ = {isa = PBXFileReference; fileEncoding = 4; lastKnownFileType = sourcecode.c.h; path = NAVectorAlgebra.h; sourceTree = "<group>"; };
		B9B2EA121716922700943D91 /* test */ = {isa = PBXFileReference; explicitFileType = "compiled.mach-o.executable"; includeInIndex = 0; path = test; sourceTree = BUILT_PRODUCTS_DIR; };
		B9B2EA151716922700943D91 /* main.c */ = {isa = PBXFileReference; lastKnownFileType = sourcecode.c.c; path = main.c; sourceTree = "<group>"; };
		B9E8D2C41861D57500D6CCC4 /* NALibChangelogSinceV0.txt */ = {isa = PBXFileReference; fileEncoding = 4; lastKnownFileType = text; path = NALibChangelogSinceV0.txt; sourceTree = "<group>"; };
/* End PBXFileReference section */

/* Begin PBXFrameworksBuildPhase section */
		B9B2EA0F1716922700943D91 /* Frameworks */ = {
			isa = PBXFrameworksBuildPhase;
			buildActionMask = 2147483647;
			files = (
			);
			runOnlyForDeploymentPostprocessing = 0;
		};
/* End PBXFrameworksBuildPhase section */

/* Begin PBXGroup section */
		B9604AD4195AD88C001BE45C /* NALib */ = {
			isa = PBXGroup;
			children = (
				B9604AD5195AD88C001BE45C /* NAArray.h */,
				B9604AD6195AD88C001BE45C /* NABinaryData.h */,
				B9604AD7195AD88C001BE45C /* NABitArray.c */,
				B9604AD8195AD88C001BE45C /* NABitArray.h */,
				B9604AD9195AD88C001BE45C /* NAByteArray.h */,
				B9604ADA195AD88C001BE45C /* NAByteMap2D.h */,
				B9604ADB195AD88C001BE45C /* NAComplex.h */,
				B9604ADC195AD88C001BE45C /* NACoord.h */,
				B9604ADD195AD88C001BE45C /* NADateTime.c */,
				B9604ADE195AD88C001BE45C /* NADateTime.h */,
				B9604ADF195AD88C001BE45C /* NAEndianness.h */,
				B9604AE0195AD88C001BE45C /* NAFile.c */,
				B9604AE1195AD88C001BE45C /* NAFile.h */,
				B9604AE2195AD88C001BE45C /* NAGrowingSpace.c */,
				B9604AE3195AD88C001BE45C /* NAGrowingSpace.h */,
				B9604AE4195AD88C001BE45C /* NAHeap.c */,
				B9604AE5195AD88C001BE45C /* NAHeap.h */,
				B9604AE6195AD88C001BE45C /* NAList.h */,
				B9604AE7195AD88C001BE45C /* NAMathConstants.h */,
				B9604AE8195AD88C001BE45C /* NAMathOperators.h */,
				B9604AE9195AD88C001BE45C /* NAMinMax.h */,
				B9604AEA195AD88C001BE45C /* NAPointer.h */,
				B9604AEB195AD88C001BE45C /* NARandom.h */,
				B9604AEC195AD88C001BE45C /* NARange.h */,
				B9604AED195AD88C001BE45C /* NARectArea.c */,
				B9604AEE195AD88C001BE45C /* NARectArea.h */,
				B9604AEF195AD88C001BE45C /* NAString.c */,
				B9604AF0195AD88C001BE45C /* NAString.h */,
				B9604AF1195AD88C001BE45C /* NASystem.c */,
				B9604AF2195AD88C001BE45C /* NASystem.h */,
				B9604AF3195AD88C001BE45C /* NAVectorAlgebra.h */,
			);
			path = NALib;
			sourceTree = "<group>";
		};
		B9B2EA06171683C200943D91 = {
			isa = PBXGroup;
			children = (
				B9604AD4195AD88C001BE45C /* NALib */,
				B9B2EA141716922700943D91 /* test */,
				B9432B5D17E5BF5A0075F638 /* Readme.txt */,
				B9E8D2C41861D57500D6CCC4 /* NALibChangelogSinceV0.txt */,
				B9B2EA131716922700943D91 /* Products */,
			);
			sourceTree = "<group>";
		};
		B9B2EA131716922700943D91 /* Products */ = {
			isa = PBXGroup;
			children = (
				B9B2EA121716922700943D91 /* test */,
			);
			name = Products;
			sourceTree = "<group>";
		};
		B9B2EA141716922700943D91 /* test */ = {
			isa = PBXGroup;
			children = (
				B9B2EA151716922700943D91 /* main.c */,
			);
			path = test;
			sourceTree = "<group>";
		};
/* End PBXGroup section */

/* Begin PBXNativeTarget section */
		B9B2EA111716922700943D91 /* test */ = {
			isa = PBXNativeTarget;
			buildConfigurationList = B9B2EA191716922700943D91 /* Build configuration list for PBXNativeTarget "test" */;
			buildPhases = (
				B9B2EA0E1716922700943D91 /* Sources */,
				B9B2EA0F1716922700943D91 /* Frameworks */,
				B9B2EA101716922700943D91 /* CopyFiles */,
			);
			buildRules = (
			);
			dependencies = (
			);
			name = test;
			productName = test;
			productReference = B9B2EA121716922700943D91 /* test */;
			productType = "com.apple.product-type.tool";
		};
/* End PBXNativeTarget section */

/* Begin PBXProject section */
		B9B2EA07171683C200943D91 /* Project object */ = {
			isa = PBXProject;
			attributes = {
				LastUpgradeCheck = 0500;
			};
			buildConfigurationList = B9B2EA0A171683C200943D91 /* Build configuration list for PBXProject "NALib" */;
			compatibilityVersion = "Xcode 3.2";
			developmentRegion = English;
			hasScannedForEncodings = 0;
			knownRegions = (
				en,
			);
			mainGroup = B9B2EA06171683C200943D91;
			productRefGroup = B9B2EA131716922700943D91 /* Products */;
			projectDirPath = "";
			projectRoot = "";
			targets = (
				B9B2EA111716922700943D91 /* test */,
			);
		};
/* End PBXProject section */

/* Begin PBXSourcesBuildPhase section */
		B9B2EA0E1716922700943D91 /* Sources */ = {
			isa = PBXSourcesBuildPhase;
			buildActionMask = 2147483647;
			files = (
				B9B2EA161716922700943D91 /* main.c in Sources */,
				B9604AF4195AD88C001BE45C /* NABitArray.c in Sources */,
				B9604AF5195AD88C001BE45C /* NADateTime.c in Sources */,
				B9604AF6195AD88C001BE45C /* NAFile.c in Sources */,
				B9604AF7195AD88C001BE45C /* NAGrowingSpace.c in Sources */,
				B9604AF8195AD88C001BE45C /* NAHeap.c in Sources */,
				B9604AF9195AD88C001BE45C /* NARectArea.c in Sources */,
				B9604AFA195AD88C001BE45C /* NAString.c in Sources */,
				B9604AFB195AD88C001BE45C /* NASystem.c in Sources */,
			);
			runOnlyForDeploymentPostprocessing = 0;
		};
/* End PBXSourcesBuildPhase section */

/* Begin XCBuildConfiguration section */
		B9B2EA0B171683C200943D91 /* Debug */ = {
			isa = XCBuildConfiguration;
			buildSettings = {
				ONLY_ACTIVE_ARCH = YES;
			};
			name = Debug;
		};
		B9B2EA0C171683C200943D91 /* Release */ = {
			isa = XCBuildConfiguration;
			buildSettings = {
			};
			name = Release;
		};
		B9B2EA1A1716922700943D91 /* Debug */ = {
			isa = XCBuildConfiguration;
			buildSettings = {
				ALWAYS_SEARCH_USER_PATHS = NO;
				CLANG_CXX_LANGUAGE_STANDARD = "gnu++0x";
				CLANG_CXX_LIBRARY = "libc++";
				CLANG_WARN_CONSTANT_CONVERSION = YES;
				CLANG_WARN_EMPTY_BODY = YES;
				CLANG_WARN_ENUM_CONVERSION = YES;
				CLANG_WARN_INT_CONVERSION = YES;
				CLANG_WARN__DUPLICATE_METHOD_MATCH = YES;
				COPY_PHASE_STRIP = NO;
				GCC_C_LANGUAGE_STANDARD = c99;
				GCC_DYNAMIC_NO_PIC = NO;
				GCC_ENABLE_OBJC_EXCEPTIONS = YES;
				GCC_OPTIMIZATION_LEVEL = 0;
				GCC_PREPROCESSOR_DEFINITIONS = (
					"DEBUG=1",
					"$(inherited)",
				);
				GCC_SYMBOLS_PRIVATE_EXTERN = NO;
				GCC_TREAT_IMPLICIT_FUNCTION_DECLARATIONS_AS_ERRORS = YES;
				GCC_TREAT_WARNINGS_AS_ERRORS = YES;
				GCC_VERSION = 4.0;
				GCC_WARN_64_TO_32_BIT_CONVERSION = YES;
				GCC_WARN_ABOUT_MISSING_FIELD_INITIALIZERS = YES;
				GCC_WARN_ABOUT_MISSING_NEWLINE = YES;
				GCC_WARN_ABOUT_MISSING_PROTOTYPES = YES;
				GCC_WARN_ABOUT_RETURN_TYPE = YES;
				GCC_WARN_CHECK_SWITCH_STATEMENTS = YES;
				GCC_WARN_FOUR_CHARACTER_CONSTANTS = YES;
				GCC_WARN_INHIBIT_ALL_WARNINGS = YES;
				GCC_WARN_INITIALIZER_NOT_FULLY_BRACKETED = YES;
				GCC_WARN_MISSING_PARENTHESES = YES;
				GCC_WARN_MULTIPLE_DEFINITION_TYPES_FOR_SELECTOR = YES;
				GCC_WARN_NON_VIRTUAL_DESTRUCTOR = YES;
				GCC_WARN_PEDANTIC = YES;
				GCC_WARN_PROTOTYPE_CONVERSION = YES;
				GCC_WARN_SHADOW = YES;
				GCC_WARN_SIGN_COMPARE = YES;
				GCC_WARN_STRICT_SELECTOR_MATCH = YES;
				GCC_WARN_UNDECLARED_SELECTOR = YES;
				GCC_WARN_UNINITIALIZED_AUTOS = YES;
				GCC_WARN_UNKNOWN_PRAGMAS = YES;
				GCC_WARN_UNUSED_FUNCTION = YES;
				GCC_WARN_UNUSED_LABEL = YES;
				GCC_WARN_UNUSED_PARAMETER = YES;
				GCC_WARN_UNUSED_VALUE = YES;
				GCC_WARN_UNUSED_VARIABLE = YES;
				ONLY_ACTIVE_ARCH = YES;
				PRODUCT_NAME = "$(TARGET_NAME)";
				SDKROOT = macosx;
			};
			name = Debug;
		};
		B9B2EA1B1716922700943D91 /* Release */ = {
			isa = XCBuildConfiguration;
			buildSettings = {
				ALWAYS_SEARCH_USER_PATHS = NO;
				CLANG_CXX_LANGUAGE_STANDARD = "gnu++0x";
				CLANG_CXX_LIBRARY = "libc++";
				CLANG_WARN_CONSTANT_CONVERSION = YES;
				CLANG_WARN_EMPTY_BODY = YES;
				CLANG_WARN_ENUM_CONVERSION = YES;
				CLANG_WARN_INT_CONVERSION = YES;
				CLANG_WARN__DUPLICATE_METHOD_MATCH = YES;
				COPY_PHASE_STRIP = YES;
				DEAD_CODE_STRIPPING = YES;
				DEBUG_INFORMATION_FORMAT = "dwarf-with-dsym";
				DEPLOYMENT_POSTPROCESSING = YES;
				GCC_C_LANGUAGE_STANDARD = c99;
				GCC_ENABLE_OBJC_EXCEPTIONS = YES;
				GCC_GENERATE_DEBUGGING_SYMBOLS = NO;
				GCC_PREPROCESSOR_DEFINITIONS = NDEBUG;
				GCC_TREAT_IMPLICIT_FUNCTION_DECLARATIONS_AS_ERRORS = YES;
				GCC_TREAT_WARNINGS_AS_ERRORS = YES;
				GCC_VERSION = 4.0;
				GCC_WARN_64_TO_32_BIT_CONVERSION = YES;
				GCC_WARN_ABOUT_MISSING_FIELD_INITIALIZERS = YES;
				GCC_WARN_ABOUT_MISSING_NEWLINE = YES;
				GCC_WARN_ABOUT_MISSING_PROTOTYPES = YES;
				GCC_WARN_ABOUT_RETURN_TYPE = YES;
				GCC_WARN_CHECK_SWITCH_STATEMENTS = YES;
				GCC_WARN_FOUR_CHARACTER_CONSTANTS = YES;
				GCC_WARN_INHIBIT_ALL_WARNINGS = YES;
				GCC_WARN_INITIALIZER_NOT_FULLY_BRACKETED = YES;
				GCC_WARN_MISSING_PARENTHESES = YES;
				GCC_WARN_MULTIPLE_DEFINITION_TYPES_FOR_SELECTOR = YES;
				GCC_WARN_NON_VIRTUAL_DESTRUCTOR = YES;
				GCC_WARN_PEDANTIC = YES;
				GCC_WARN_PROTOTYPE_CONVERSION = YES;
				GCC_WARN_SHADOW = YES;
				GCC_WARN_SIGN_COMPARE = YES;
				GCC_WARN_STRICT_SELECTOR_MATCH = YES;
				GCC_WARN_UNDECLARED_SELECTOR = YES;
				GCC_WARN_UNINITIALIZED_AUTOS = YES;
				GCC_WARN_UNKNOWN_PRAGMAS = YES;
				GCC_WARN_UNUSED_FUNCTION = YES;
				GCC_WARN_UNUSED_LABEL = YES;
				GCC_WARN_UNUSED_PARAMETER = YES;
				GCC_WARN_UNUSED_VALUE = YES;
				GCC_WARN_UNUSED_VARIABLE = YES;
				PRODUCT_NAME = "$(TARGET_NAME)";
				SDKROOT = macosx;
				STRIP_INSTALLED_PRODUCT = YES;
			};
			name = Release;
		};
/* End XCBuildConfiguration section */

/* Begin XCConfigurationList section */
		B9B2EA0A171683C200943D91 /* Build configuration list for PBXProject "NALib" */ = {
			isa = XCConfigurationList;
			buildConfigurations = (
				B9B2EA0B171683C200943D91 /* Debug */,
				B9B2EA0C171683C200943D91 /* Release */,
			);
			defaultConfigurationIsVisible = 0;
			defaultConfigurationName = Release;
		};
		B9B2EA191716922700943D91 /* Build configuration list for PBXNativeTarget "test" */ = {
			isa = XCConfigurationList;
			buildConfigurations = (
				B9B2EA1A1716922700943D91 /* Debug */,
				B9B2EA1B1716922700943D91 /* Release */,
			);
			defaultConfigurationIsVisible = 0;
			defaultConfigurationName = Release;
		};
/* End XCConfigurationList section */
	};
	rootObject = B9B2EA07171683C200943D91 /* Project object */;
}
